{
  "name": "localia-platform",
  "version": "0.1.0",
  "lockfileVersion": 3,
  "requires": true,
  "packages": {
    "": {
      "name": "localia-platform",
      "version": "0.1.0",
      "engines": {
        "node": ">=18.0.0"
      }
    },
    "apps/backend": {
      "name": "@localia/backend",
      "version": "0.1.0",
      "extraneous": true,
      "dependencies": {
        "@nestjs/common": "^10.0.0",
        "@nestjs/core": "^10.0.0",
        "@nestjs/platform-express": "^10.0.0",
        "@nestjs/swagger": "^7.1.16",
        "@supabase/supabase-js": "^2.38.0",
        "@types/pg": "^8.15.6",
        "class-transformer": "^0.5.1",
        "class-validator": "^0.14.0",
        "dotenv": "^17.2.3",
        "pg": "^8.16.3",
        "reflect-metadata": "^0.1.13",
        "rxjs": "^7.8.1"
      },
      "devDependencies": {
        "@nestjs/cli": "^10.0.0",
        "@nestjs/schematics": "^10.0.0",
        "@types/express": "^4.17.17",
        "@types/node": "^20.19.25",
        "@typescript-eslint/eslint-plugin": "^6.0.0",
        "@typescript-eslint/parser": "^6.0.0",
        "eslint": "^8.42.0",
        "jest": "^29.5.0",
        "typescript": "^5.1.3"
      }
    },
    "apps/mobile-client": {
      "name": "@localia/mobile-client",
      "version": "0.1.0",
      "extraneous": true,
      "dependencies": {
        "@react-navigation/native": "^6.1.7",
        "@react-navigation/native-stack": "^6.9.13",
        "@supabase/supabase-js": "^2.38.0",
        "expo": "~49.0.0",
        "expo-status-bar": "~1.6.0",
        "react": "18.2.0",
        "react-native": "0.72.6",
        "react-native-safe-area-context": "4.6.3",
        "react-native-screens": "~3.22.0"
      },
      "devDependencies": {
        "@babel/core": "^7.20.0",
        "@types/react": "~18.2.14",
        "typescript": "^5.1.3"
      }
    },
    "apps/mobile-repartidor": {
      "name": "@localia/mobile-repartidor",
      "version": "0.1.0",
      "extraneous": true,
      "dependencies": {
        "@react-navigation/native": "^6.1.7",
        "@react-navigation/native-stack": "^6.9.13",
        "@supabase/supabase-js": "^2.38.0",
        "expo": "~49.0.0",
        "expo-location": "~16.1.0",
        "expo-status-bar": "~1.6.0",
        "react": "18.2.0",
        "react-native": "0.72.6",
        "react-native-safe-area-context": "4.6.3",
        "react-native-screens": "~3.22.0"
      },
      "devDependencies": {
        "@babel/core": "^7.20.0",
        "@types/react": "~18.2.14",
        "typescript": "^5.1.3"
      }
    },
    "apps/web-admin": {
      "name": "@localia/web-admin",
      "version": "0.1.0",
      "extraneous": true,
      "dependencies": {
        "@headlessui/react": "^2.2.9",
        "@supabase/supabase-js": "^2.38.0",
        "next": "14.0.0",
        "react": "^18.2.0",
        "react-dom": "^18.2.0"
      },
      "devDependencies": {
        "@types/node": "^20",
        "@types/react": "^18",
        "@types/react-dom": "^18",
        "autoprefixer": "^10.0.1",
        "eslint": "^8",
        "eslint-config-next": "14.0.0",
        "postcss": "^8",
        "tailwindcss": "^3.3.0",
        "typescript": "^5"
      }
    },
    "apps/web-local": {
      "name": "@localia/web-local",
      "version": "0.1.0",
      "extraneous": true,
      "dependencies": {
        "@supabase/supabase-js": "^2.38.0",
        "next": "14.0.0",
        "react": "^18.2.0",
        "react-dom": "^18.2.0"
      },
      "devDependencies": {
        "@types/node": "^20",
        "@types/react": "^18",
        "@types/react-dom": "^18",
        "autoprefixer": "^10.0.1",
        "eslint": "^8",
        "eslint-config-next": "14.0.0",
        "postcss": "^8",
        "tailwindcss": "^3.3.0",
        "typescript": "^5"
      }
    },
    "packages/shared": {
      "name": "@localia/shared",
      "version": "0.1.0",
      "extraneous": true,
      "devDependencies": {
        "typescript": "^5.1.3"
      }
    }
  }
}
